// !$*UTF8*$!
{
	archiveVersion = 1;
	classes = {
	};
	objectVersion = 46;
	objects = {

/* Begin PBXBuildFile section */
		FA4F11501EC386B700DBF906 /* AppDelegate.swift in Sources */ = {isa = PBXBuildFile; fileRef = FA4F114F1EC386B700DBF906 /* AppDelegate.swift */; };
		FA4F11521EC386B700DBF906 /* ViewController.swift in Sources */ = {isa = PBXBuildFile; fileRef = FA4F11511EC386B700DBF906 /* ViewController.swift */; };
		FA4F11551EC386B700DBF906 /* Main.storyboard in Resources */ = {isa = PBXBuildFile; fileRef = FA4F11531EC386B700DBF906 /* Main.storyboard */; };
		FA4F11571EC386B700DBF906 /* Assets.xcassets in Resources */ = {isa = PBXBuildFile; fileRef = FA4F11561EC386B700DBF906 /* Assets.xcassets */; };
		FA4F115A1EC386B700DBF906 /* LaunchScreen.storyboard in Resources */ = {isa = PBXBuildFile; fileRef = FA4F11581EC386B700DBF906 /* LaunchScreen.storyboard */; };
/* End PBXBuildFile section */

/* Begin PBXFileReference section */
		FA4F114C1EC386B700DBF906 /* Zing Mp3.app */ = {isa = PBXFileReference; explicitFileType = wrapper.application; includeInIndex = 0; path = "Zing Mp3.app"; sourceTree = BUILT_PRODUCTS_DIR; };
		FA4F114F1EC386B700DBF906 /* AppDelegate.swift */ = {isa = PBXFileReference; lastKnownFileType = sourcecode.swift; path = AppDelegate.swift; sourceTree = "<group>"; };
		FA4F11511EC386B700DBF906 /* ViewController.swift */ = {isa = PBXFileReference; lastKnownFileType = sourcecode.swift; path = ViewController.swift; sourceTree = "<group>"; };
		FA4F11541EC386B700DBF906 /* Base */ = {isa = PBXFileReference; lastKnownFileType = file.storyboard; name = Base; path = Base.lproj/Main.storyboard; sourceTree = "<group>"; };
		FA4F11561EC386B700DBF906 /* Assets.xcassets */ = {isa = PBXFileReference; lastKnownFileType = folder.assetcatalog; path = Assets.xcassets; sourceTree = "<group>"; };
		FA4F11591EC386B700DBF906 /* Base */ = {isa = PBXFileReference; lastKnownFileType = file.storyboard; name = Base; path = Base.lproj/LaunchScreen.storyboard; sourceTree = "<group>"; };
		FA4F115B1EC386B700DBF906 /* Info.plist */ = {isa = PBXFileReference; lastKnownFileType = text.plist.xml; path = Info.plist; sourceTree = "<group>"; };
/* End PBXFileReference section */

/* Begin PBXFrameworksBuildPhase section */
		FA4F11491EC386B700DBF906 /* Frameworks */ = {
			isa = PBXFrameworksBuildPhase;
			buildActionMask = 2147483647;
			files = (
			);
			runOnlyForDeploymentPostprocessing = 0;
		};
/* End PBXFrameworksBuildPhase section */

/* Begin PBXGroup section */
		FA4F11431EC386B600DBF906 = {
			isa = PBXGroup;
			children = (
				FA4F114E1EC386B700DBF906 /* Zing Mp3 */,
				FA4F114D1EC386B700DBF906 /* Products */,
			);
			sourceTree = "<group>";
		};
		FA4F114D1EC386B700DBF906 /* Products */ = {
			isa = PBXGroup;
			children = (
				FA4F114C1EC386B700DBF906 /* Zing Mp3.app */,
			);
			name = Products;
			sourceTree = "<group>";
		};
		FA4F114E1EC386B700DBF906 /* Zing Mp3 */ = {
			isa = PBXGroup;
			children = (
				FA4F114F1EC386B700DBF906 /* AppDelegate.swift */,
				FA4F11511EC386B700DBF906 /* ViewController.swift */,
				FA4F11531EC386B700DBF906 /* Main.storyboard */,
				FA4F11561EC386B700DBF906 /* Assets.xcassets */,
				FA4F11581EC386B700DBF906 /* LaunchScreen.storyboard */,
				FA4F115B1EC386B700DBF906 /* Info.plist */,
			);
			path = "Zing Mp3";
			sourceTree = "<group>";
		};
/* End PBXGroup section */

/* Begin PBXNativeTarget section */
		FA4F114B1EC386B700DBF906 /* Zing Mp3 */ = {
			isa = PBXNativeTarget;
			buildConfigurationList = FA4F115E1EC386B700DBF906 /* Build configuration list for PBXNativeTarget "Zing Mp3" */;
			buildPhases = (
				FA4F11481EC386B700DBF906 /* Sources */,
				FA4F11491EC386B700DBF906 /* Frameworks */,
				FA4F114A1EC386B700DBF906 /* Resources */,
			);
			buildRules = (
			);
			dependencies = (
			);
			name = "Zing Mp3";
			productName = "Zing Mp3";
			productReference = FA4F114C1EC386B700DBF906 /* Zing Mp3.app */;
			productType = "com.apple.product-type.application";
		};
/* End PBXNativeTarget section */

/* Begin PBXProject section */
		FA4F11441EC386B600DBF906 /* Project object */ = {
			isa = PBXProject;
			attributes = {
				LastSwiftUpdateCheck = 0820;
				LastUpgradeCheck = 0820;
				ORGANIZATIONNAME = bipbipdinang;
				TargetAttributes = {
					FA4F114B1EC386B700DBF906 = {
						CreatedOnToolsVersion = 8.2.1;
						DevelopmentTeam = 7R4589SACH;
						ProvisioningStyle = Automatic;
					};
				};
			};
			buildConfigurationList = FA4F11471EC386B600DBF906 /* Build configuration list for PBXProject "Zing Mp3" */;
			compatibilityVersion = "Xcode 3.2";
			developmentRegion = English;
			hasScannedForEncodings = 0;
			knownRegions = (
				en,
				Base,
			);
			mainGroup = FA4F11431EC386B600DBF906;
			productRefGroup = FA4F114D1EC386B700DBF906 /* Products */;
			projectDirPath = "";
			projectRoot = "";
			targets = (
				FA4F114B1EC386B700DBF906 /* Zing Mp3 */,
			);
		};
/* End PBXProject section */

/* Begin PBXResourcesBuildPhase section */
		FA4F114A1EC386B700DBF906 /* Resources */ = {
			isa = PBXResourcesBuildPhase;
			buildActionMask = 2147483647;
			files = (
				FA4F115A1EC386B700DBF906 /* LaunchScreen.storyboard in Resources */,
				FA4F11571EC386B700DBF906 /* Assets.xcassets in Resources */,
				FA4F11551EC386B700DBF906 /* Main.storyboard in Resources */,
			);
			runOnlyForDeploymentPostprocessing = 0;
		};
/* End PBXResourcesBuildPhase section */

/* Begin PBXSourcesBuildPhase section */
		FA4F11481EC386B700DBF906 /* Sources */ = {
			isa = PBXSourcesBuildPhase;
			buildActionMask = 2147483647;
			files = (
				FA4F11521EC386B700DBF906 /* ViewController.swift in Sources */,
				FA4F11501EC386B700DBF906 /* AppDelegate.swift in Sources */,
			);
			runOnlyForDeploymentPostprocessing = 0;
		};
/* End PBXSourcesBuildPhase section */

/* Begin PBXVariantGroup section */
		FA4F11531EC386B700DBF906 /* Main.storyboard */ = {
			isa = PBXVariantGroup;
			children = (
				FA4F11541EC386B700DBF906 /* Base */,
			);
			name = Main.storyboard;
			sourceTree = "<group>";
		};
		FA4F11581EC386B700DBF906 /* LaunchScreen.storyboard */ = {
			isa = PBXVariantGroup;
			children = (
				FA4F11591EC386B700DBF906 /* Base */,
			);
			name = LaunchScreen.storyboard;
			sourceTree = "<group>";
		};
/* End PBXVariantGroup section */

/* Begin XCBuildConfiguration section */
		FA4F115C1EC386B700DBF906 /* Debug */ = {
			isa = XCBuildConfiguration;
			buildSettings = {
				ALWAYS_SEARCH_USER_PATHS = NO;
				CLANG_ANALYZER_NONNULL = YES;
				CLANG_CXX_LANGUAGE_STANDARD = "gnu++0x";
				CLANG_CXX_LIBRARY = "libc++";
				CLANG_ENABLE_MODULES = YES;
				CLANG_ENABLE_OBJC_ARC = YES;
				CLANG_WARN_BOOL_CONVERSION = YES;
				CLANG_WARN_CONSTANT_CONVERSION = YES;
				CLANG_WARN_DIRECT_OBJC_ISA_USAGE = YES_ERROR;
				CLANG_WARN_DOCUMENTATION_COMMENTS = YES;
				CLANG_WARN_EMPTY_BODY = YES;
				CLANG_WARN_ENUM_CONVERSION = YES;
				CLANG_WARN_INFINITE_RECURSION = YES;
				CLANG_WARN_INT_CONVERSION = YES;
				CLANG_WARN_OBJC_ROOT_CLASS = YES_ERROR;
				CLANG_WARN_SUSPICIOUS_MOVE = YES;
				CLANG_WARN_UNREACHABLE_CODE = YES;
				CLANG_WARN__DUPLICATE_METHOD_MATCH = YES;
				"CODE_SIGN_IDENTITY[sdk=iphoneos*]" = "iPhone Developer";
				COPY_PHASE_STRIP = NO;
				DEBUG_INFORMATION_FORMAT = dwarf;
				ENABLE_STRICT_OBJC_MSGSEND = YES;
				ENABLE_TESTABILITY = YES;
				GCC_C_LANGUAGE_STANDARD = gnu99;
				GCC_DYNAMIC_NO_PIC = NO;
				GCC_NO_COMMON_BLOCKS = YES;
				GCC_OPTIMIZATION_LEVEL = 0;
				GCC_PREPROCESSOR_DEFINITIONS = (
					"DEBUG=1",
					"$(inherited)",
				);
				GCC_WARN_64_TO_32_BIT_CONVERSION = YES;
				GCC_WARN_ABOUT_RETURN_TYPE = YES_ERROR;
				GCC_WARN_UNDECLARED_SELECTOR = YES;
				GCC_WARN_UNINITIALIZED_AUTOS = YES_AGGRESSIVE;
				GCC_WARN_UNUSED_FUNCTION = YES;
				GCC_WARN_UNUSED_VARIABLE = YES;
				IPHONEOS_DEPLOYMENT_TARGET = 10.2;
				MTL_ENABLE_DEBUG_INFO = YES;
				ONLY_ACTIVE_ARCH = YES;
				SDKROOT = iphoneos;
				SWIFT_ACTIVE_COMPILATION_CONDITIONS = DEBUG;
				SWIFT_OPTIMIZATION_LEVEL = "-Onone";
				TARGETED_DEVICE_FAMILY = "1,2";
			};
			name = Debug;
		};
		FA4F115D1EC386B700DBF906 /* Release */ = {
			isa = XCBuildConfiguration;
			buildSettings = {
				ALWAYS_SEARCH_USER_PATHS = NO;
				CLANG_ANALYZER_NONNULL = YES;
				CLANG_CXX_LANGUAGE_STANDARD = "gnu++0x";
				CLANG_CXX_LIBRARY = "libc++";
				CLANG_ENABLE_MODULES = YES;
				CLANG_ENABLE_OBJC_ARC = YES;
				CLANG_WARN_BOOL_CONVERSION = YES;
				CLANG_WARN_CONSTANT_CONVERSION = YES;
				CLANG_WARN_DIRECT_OBJC_ISA_USAGE = YES_ERROR;
				CLANG_WARN_DOCUMENTATION_COMMENTS = YES;
				CLANG_WARN_EMPTY_BODY = YES;
				CLANG_WARN_ENUM_CONVERSION = YES;
				CLANG_WARN_INFINITE_RECURSION = YES;
				CLANG_WARN_INT_CONVERSION = YES;
				CLANG_WARN_OBJC_ROOT_CLASS = YES_ERROR;
				CLANG_WARN_SUSPICIOUS_MOVE = YES;
				CLANG_WARN_UNREACHABLE_CODE = YES;
				CLANG_WARN__DUPLICATE_METHOD_MATCH = YES;
				"CODE_SIGN_IDENTITY[sdk=iphoneos*]" = "iPhone Developer";
				COPY_PHASE_STRIP = NO;
				DEBUG_INFORMATION_FORMAT = "dwarf-with-dsym";
				ENABLE_NS_ASSERTIONS = NO;
				ENABLE_STRICT_OBJC_MSGSEND = YES;
				GCC_C_LANGUAGE_STANDARD = gnu99;
				GCC_NO_COMMON_BLOCKS = YES;
				GCC_WARN_64_TO_32_BIT_CONVERSION = YES;
				GCC_WARN_ABOUT_RETURN_TYPE = YES_ERROR;
				GCC_WARN_UNDECLARED_SELECTOR = YES;
				GCC_WARN_UNINITIALIZED_AUTOS = YES_AGGRESSIVE;
				GCC_WARN_UNUSED_FUNCTION = YES;
				GCC_WARN_UNUSED_VARIABLE = YES;
				IPHONEOS_DEPLOYMENT_TARGET = 10.2;
				MTL_ENABLE_DEBUG_INFO = NO;
				SDKROOT = iphoneos;
				SWIFT_OPTIMIZATION_LEVEL = "-Owholemodule";
				TARGETED_DEVICE_FAMILY = "1,2";
				VALIDATE_PRODUCT = YES;
			};
			name = Release;
		};
		FA4F115F1EC386B700DBF906 /* Debug */ = {
			isa = XCBuildConfiguration;
			buildSettings = {
				ASSETCATALOG_COMPILER_APPICON_NAME = AppIcon;
				DEVELOPMENT_TEAM = 7R4589SACH;
				INFOPLIST_FILE = "Zing Mp3/Info.plist";
				LD_RUNPATH_SEARCH_PATHS = "$(inherited) @executable_path/Frameworks";
				PRODUCT_BUNDLE_IDENTIFIER = "com.thiettb.Zing-Mp3";
				PRODUCT_NAME = "$(TARGET_NAME)";
				SWIFT_VERSION = 3.0;
			};
			name = Debug;
		};
		FA4F11601EC386B700DBF906 /* Release */ = {
			isa = XCBuildConfiguration;
			buildSettings = {
				ASSETCATALOG_COMPILER_APPICON_NAME = AppIcon;
				DEVELOPMENT_TEAM = 7R4589SACH;
				INFOPLIST_FILE = "Zing Mp3/Info.plist";
				LD_RUNPATH_SEARCH_PATHS = "$(inherited) @executable_path/Frameworks";
				PRODUCT_BUNDLE_IDENTIFIER = "com.thiettb.Zing-Mp3";
				PRODUCT_NAME = "$(TARGET_NAME)";
				SWIFT_VERSION = 3.0;
			};
			name = Release;
		};
/* End XCBuildConfiguration section */

/* Begin XCConfigurationList section */
		FA4F11471EC386B600DBF906 /* Build configuration list for PBXProject "Zing Mp3" */ = {
			isa = XCConfigurationList;
			buildConfigurations = (
				FA4F115C1EC386B700DBF906 /* Debug */,
				FA4F115D1EC386B700DBF906 /* Release */,
			);
			defaultConfigurationIsVisible = 0;
			defaultConfigurationName = Release;
		};
		FA4F115E1EC386B700DBF906 /* Build configuration list for PBXNativeTarget "Zing Mp3" */ = {
			isa = XCConfigurationList;
			buildConfigurations = (
				FA4F115F1EC386B700DBF906 /* Debug */,
				FA4F11601EC386B700DBF906 /* Release */,
			);
			defaultConfigurationIsVisible = 0;
		};
/* End XCConfigurationList section */
	};
	rootObject = FA4F11441EC386B600DBF906 /* Project object */;
}
